
Microsoft Visual Studio Solution File, Format Version 12.00
# Visual Studio 15
VisualStudioVersion = 15.0.27428.2015
MinimumVisualStudioVersion = 10.0.40219.1
Project("{FAE04EC0-301F-11D3-BF4B-00C04F79EFBC}") = "RNWallpaper", "RNWallpaper\RNWallpaper.csproj", "{73BFB252-47F7-47E7-8CA9-67487BC7A086}"
EndProject
Global
	GlobalSection(SolutionConfigurationPlatforms) = preSolution
		Debug|Any CPU = Debug|Any CPU
		Release|Any CPU = Release|Any CPU
	EndGlobalSection
	GlobalSection(ProjectConfigurationPlatforms) = postSolution
		{73BFB252-47F7-47E7-8CA9-67487BC7A086}.Debug|Any CPU.ActiveCfg = Debug|Any CPU
		{73BFB252-47F7-47E7-8CA9-67487BC7A086}.Debug|Any CPU.Build.0 = Debug|Any CPU
		{73BFB252-47F7-47E7-8CA9-67487BC7A086}.Release|Any CPU.ActiveCfg = Release|Any CPU
		{73BFB252-47F7-47E7-8CA9-67487BC7A086}.Release|Any CPU.Build.0 = Release|Any CPU
	EndGlobalSection
	GlobalSection(SolutionProperties) = preSolution
		HideSolutionNode = FALSE
	EndGlobalSection
	GlobalSection(ExtensibilityGlobals) = postSolution
		SolutionGuid = {42687E59-B149-414F-84F8-DB7E0ABB60B7}
	EndGlobalSection
EndGlobal
